
Microsoft Visual Studio Solution File, Format Version 12.00
# Visual Studio Version 16
VisualStudioVersion = 16.0.29509.3
MinimumVisualStudioVersion = 10.0.40219.1
Project("{FAE04EC0-301F-11D3-BF4B-00C04F79EFBC}") = "311Data", "311Data\311Data.csproj", "{43ADC904-CF5C-466B-A1AF-3FDB4D0B8BD5}"
EndProject
Global
	GlobalSection(SolutionConfigurationPlatforms) = preSolution
		Debug|Any CPU = Debug|Any CPU
		Release|Any CPU = Release|Any CPU
	EndGlobalSection
	GlobalSection(ProjectConfigurationPlatforms) = postSolution
		{43ADC904-CF5C-466B-A1AF-3FDB4D0B8BD5}.Debug|Any CPU.ActiveCfg = Debug|Any CPU
		{43ADC904-CF5C-466B-A1AF-3FDB4D0B8BD5}.Debug|Any CPU.Build.0 = Debug|Any CPU
		{43ADC904-CF5C-466B-A1AF-3FDB4D0B8BD5}.Release|Any CPU.ActiveCfg = Release|Any CPU
		{43ADC904-CF5C-466B-A1AF-3FDB4D0B8BD5}.Release|Any CPU.Build.0 = Release|Any CPU
	EndGlobalSection
	GlobalSection(SolutionProperties) = preSolution
		HideSolutionNode = FALSE
	EndGlobalSection
	GlobalSection(ExtensibilityGlobals) = postSolution
		SolutionGuid = {55D6DF66-7F28-417B-AD4B-DBA1DFF68C0A}
	EndGlobalSection
EndGlobal
